{
  "requires": true,
  "lockfileVersion": 1,
  "dependencies": {
    "@vue/devtools-api": {
      "version": "6.1.4",
      "resolved": "https://registry.npmjs.org/@vue/devtools-api/-/devtools-api-6.1.4.tgz",
      "integrity": "sha512-IiA0SvDrJEgXvVxjNkHPFfDx6SXw0b/TUkqMcDZWNg9fnCAHbTpoo59YfJ9QLFkwa3raau5vSlRVzMSLDnfdtQ=="
    },
    "uniapp-zaudio": {
      "version": "2.2.51",
      "resolved": "https://registry.npmjs.org/uniapp-zaudio/-/uniapp-zaudio-2.2.51.tgz",
      "integrity": "sha512-cEB3s6a0wkAmv+ELTr/CpTYoaJN4Oi+orOoIqCJ5l3ILpBSfHavejFbSWHaq2Yi83D3MeS7rNAkrrZuZQlxlNg=="
    },
    "vue-cookies": {
      "version": "1.8.0",
      "resolved": "https://registry.npmjs.org/vue-cookies/-/vue-cookies-1.8.0.tgz",
      "integrity": "sha512-5nxAwW4kIS6uP0G9UnWcmSj2NlFpV1wkvAAwGgkWqyPDVCP1IEzFZfg7YUBLiYowZ/cFnxaXqS1nWPIBwfXGRw=="
    }
  }
}
